<?xml version="1.0" encoding="utf-8"?>
<Project ToolsVersion="4.0" xmlns="http://schemas.microsoft.com/developer/msbuild/2003">
  <ItemGroup>
    <Filter Include="Framework">
      <UniqueIdentifier>{a86986fd-80b1-4633-a37d-e23f40f2d1c2}</UniqueIdentifier>
    </Filter>
    <Filter Include="Framework\States">
      <UniqueIdentifier>{5923ed90-b266-4e91-876b-0adf417e9949}</UniqueIdentifier>
    </Filter>
    <Filter Include="Framework\ResourceManager">
      <UniqueIdentifier>{087c1b0a-8e23-4e29-8915-d68c944c1ef2}</UniqueIdentifier>
    </Filter>
    <Filter Include="Framework\Input">
      <UniqueIdentifier>{429f8a70-6e45-43db-af93-0fbd6b8dcdd8}</UniqueIdentifier>
    </Filter>
    <Filter Include="Framework\Game">
      <UniqueIdentifier>{de5a6b33-ed21-4008-8f3d-d1fedf41a474}</UniqueIdentifier>
    </Filter>
    <Filter Include="Framework\Collision">
      <UniqueIdentifier>{6ad0a3ae-06dc-4754-9138-4e4a9ba29392}</UniqueIdentifier>
    </Filter>
  </ItemGroup>
  <ItemGroup>
    <ClCompile Include="Source.cpp">
      <Filter>Framework</Filter>
    </ClCompile>
    <ClCompile Include="States\StateBase.cpp">
      <Filter>Framework\States</Filter>
    </ClCompile>
    <ClCompile Include="ResourceManager\ResourceManager.cpp">
      <Filter>Framework\ResourceManager</Filter>
    </ClCompile>
    <ClCompile Include="ResourceManager\ResourceHolder.cpp">
      <Filter>Framework\ResourceManager</Filter>
    </ClCompile>
    <ClCompile Include="Game\GameBase.cpp">
      <Filter>Framework\Game</Filter>
    </ClCompile>
    <ClCompile Include="Input\Keyboard.cpp">
      <Filter>Framework\Input</Filter>
    </ClCompile>
    <ClCompile Include="Input\Mouse.cpp">
      <Filter>Framework\Input</Filter>
    </ClCompile>
    <ClCompile Include="Collision\Collider.cpp">
      <Filter>Framework\Collision</Filter>
    </ClCompile>
    <ClCompile Include="Collision\CollisionManager.cpp">
      <Filter>Framework\Collision</Filter>
    </ClCompile>
  </ItemGroup>
  <ItemGroup>
    <ClInclude Include="States\StateBase.h">
      <Filter>Framework\States</Filter>
    </ClInclude>
    <ClInclude Include="ResourceManager\ResourceManager.h">
      <Filter>Framework\ResourceManager</Filter>
    </ClInclude>
    <ClInclude Include="ResourceManager\ResourceHolder.h">
      <Filter>Framework\ResourceManager</Filter>
    </ClInclude>
    <ClInclude Include="Game\GameBase.h">
      <Filter>Framework\Game</Filter>
    </ClInclude>
    <ClInclude Include="Input\Mouse.h">
      <Filter>Framework\Input</Filter>
    </ClInclude>
    <ClInclude Include="Input\Keyboard.h">
      <Filter>Framework\Input</Filter>
    </ClInclude>
    <ClInclude Include="Collision\Collider.h">
      <Filter>Framework\Collision</Filter>
    </ClInclude>
    <ClInclude Include="Collision\CollisionManager.h">
      <Filter>Framework\Collision</Filter>
    </ClInclude>
  </ItemGroup>
</Project>